
Microsoft Visual Studio Solution File, Format Version 12.00
# Visual Studio 15
VisualStudioVersion = 15.0.27703.2047
MinimumVisualStudioVersion = 10.0.40219.1
Project("{FAE04EC0-301F-11D3-BF4B-00C04F79EFBC}") = "VideoKioskWPF", "VideoKioskWPF\VideoKioskWPF.csproj", "{BA06BCEB-B25D-4CE9-A697-36C7B4B0955F}"
EndProject
Global
	GlobalSection(SolutionConfigurationPlatforms) = preSolution
		Debug|Any CPU = Debug|Any CPU
		Release|Any CPU = Release|Any CPU
	EndGlobalSection
	GlobalSection(ProjectConfigurationPlatforms) = postSolution
		{BA06BCEB-B25D-4CE9-A697-36C7B4B0955F}.Debug|Any CPU.ActiveCfg = Debug|Any CPU
		{BA06BCEB-B25D-4CE9-A697-36C7B4B0955F}.Debug|Any CPU.Build.0 = Debug|Any CPU
		{BA06BCEB-B25D-4CE9-A697-36C7B4B0955F}.Release|Any CPU.ActiveCfg = Release|Any CPU
		{BA06BCEB-B25D-4CE9-A697-36C7B4B0955F}.Release|Any CPU.Build.0 = Release|Any CPU
	EndGlobalSection
	GlobalSection(SolutionProperties) = preSolution
		HideSolutionNode = FALSE
	EndGlobalSection
	GlobalSection(ExtensibilityGlobals) = postSolution
		SolutionGuid = {5531191F-6065-43BE-AEE2-17E9FCBF16F4}
	EndGlobalSection
EndGlobal
